{
  "name": "ls",
  "version": "1.0.0",
  "lockfileVersion": 1,
  "requires": true,
  "dependencies": {
    "filesize": {
      "version": "3.5.11",
      "resolved": "https://registry.npmjs.org/filesize/-/filesize-3.5.11.tgz",
      "integrity": "sha512-ZH7loueKBoDb7yG9esn1U+fgq7BzlzW6NRi5/rMdxIZ05dj7GFD/Xc5rq2CDt5Yq86CyfSYVyx4242QQNZbx1g=="
    }
  }
}
